
Microsoft Visual Studio Solution File, Format Version 12.00
# Visual Studio 15
VisualStudioVersion = 15.0.28010.2050
MinimumVisualStudioVersion = 10.0.40219.1
Project("{9A19103F-16F7-4668-BE54-9A1E7A4F7556}") = "WebApplication4", "WebApplication4\WebApplication4.csproj", "{619279B9-6324-4A9E-A670-16EFD16525F6}"
EndProject
Project("{FAE04EC0-301F-11D3-BF4B-00C04F79EFBC}") = "GoogleChartsUtilization", "GoogleCharts\DataVisualization\GoogleChartsUtilization.csproj", "{A709AA56-362F-4814-AFB0-3CEE8ACAD304}"
EndProject
Global
	GlobalSection(SolutionConfigurationPlatforms) = preSolution
		Debug|Any CPU = Debug|Any CPU
		Release|Any CPU = Release|Any CPU
	EndGlobalSection
	GlobalSection(ProjectConfigurationPlatforms) = postSolution
		{619279B9-6324-4A9E-A670-16EFD16525F6}.Debug|Any CPU.ActiveCfg = Debug|Any CPU
		{619279B9-6324-4A9E-A670-16EFD16525F6}.Debug|Any CPU.Build.0 = Debug|Any CPU
		{619279B9-6324-4A9E-A670-16EFD16525F6}.Release|Any CPU.ActiveCfg = Release|Any CPU
		{619279B9-6324-4A9E-A670-16EFD16525F6}.Release|Any CPU.Build.0 = Release|Any CPU
		{A709AA56-362F-4814-AFB0-3CEE8ACAD304}.Debug|Any CPU.ActiveCfg = Debug|Any CPU
		{A709AA56-362F-4814-AFB0-3CEE8ACAD304}.Debug|Any CPU.Build.0 = Debug|Any CPU
		{A709AA56-362F-4814-AFB0-3CEE8ACAD304}.Release|Any CPU.ActiveCfg = Release|Any CPU
		{A709AA56-362F-4814-AFB0-3CEE8ACAD304}.Release|Any CPU.Build.0 = Release|Any CPU
	EndGlobalSection
	GlobalSection(SolutionProperties) = preSolution
		HideSolutionNode = FALSE
	EndGlobalSection
	GlobalSection(ExtensibilityGlobals) = postSolution
		SolutionGuid = {373E06A8-4D16-4068-A738-7CDE4C1E7920}
	EndGlobalSection
EndGlobal
